// !$*UTF8*$!
{
	archiveVersion = 1;
	classes = {
	};
	objectVersion = 46;
	objects = {

/* Begin PBXBuildFile section */
		2F17BC291E61D3EE00A7AB84 /* AppDelegate.swift in Sources */ = {isa = PBXBuildFile; fileRef = 2F17BC281E61D3EE00A7AB84 /* AppDelegate.swift */; };
		2F17BC2B1E61D3EE00A7AB84 /* ViewController.swift in Sources */ = {isa = PBXBuildFile; fileRef = 2F17BC2A1E61D3EE00A7AB84 /* ViewController.swift */; };
		2F17BC2E1E61D3EE00A7AB84 /* Main.storyboard in Resources */ = {isa = PBXBuildFile; fileRef = 2F17BC2C1E61D3EE00A7AB84 /* Main.storyboard */; };
		2F17BC301E61D3EE00A7AB84 /* Assets.xcassets in Resources */ = {isa = PBXBuildFile; fileRef = 2F17BC2F1E61D3EE00A7AB84 /* Assets.xcassets */; };
		2F17BC331E61D3EE00A7AB84 /* LaunchScreen.storyboard in Resources */ = {isa = PBXBuildFile; fileRef = 2F17BC311E61D3EE00A7AB84 /* LaunchScreen.storyboard */; };
		2F17BC3E1E61D3EE00A7AB84 /* ECSSTests.swift in Sources */ = {isa = PBXBuildFile; fileRef = 2F17BC3D1E61D3EE00A7AB84 /* ECSSTests.swift */; };
		2F17BC491E61D3EF00A7AB84 /* ECSSUITests.swift in Sources */ = {isa = PBXBuildFile; fileRef = 2F17BC481E61D3EF00A7AB84 /* ECSSUITests.swift */; };
/* End PBXBuildFile section */

/* Begin PBXContainerItemProxy section */
		2F17BC3A1E61D3EE00A7AB84 /* PBXContainerItemProxy */ = {
			isa = PBXContainerItemProxy;
			containerPortal = 2F17BC1D1E61D3ED00A7AB84 /* Project object */;
			proxyType = 1;
			remoteGlobalIDString = 2F17BC241E61D3ED00A7AB84;
			remoteInfo = ECSS;
		};
		2F17BC451E61D3EF00A7AB84 /* PBXContainerItemProxy */ = {
			isa = PBXContainerItemProxy;
			containerPortal = 2F17BC1D1E61D3ED00A7AB84 /* Project object */;
			proxyType = 1;
			remoteGlobalIDString = 2F17BC241E61D3ED00A7AB84;
			remoteInfo = ECSS;
		};
/* End PBXContainerItemProxy section */

/* Begin PBXFileReference section */
		2F17BC251E61D3EE00A7AB84 /* ECSS.app */ = {isa = PBXFileReference; explicitFileType = wrapper.application; includeInIndex = 0; path = ECSS.app; sourceTree = BUILT_PRODUCTS_DIR; };
		2F17BC281E61D3EE00A7AB84 /* AppDelegate.swift */ = {isa = PBXFileReference; lastKnownFileType = sourcecode.swift; path = AppDelegate.swift; sourceTree = "<group>"; };
		2F17BC2A1E61D3EE00A7AB84 /* ViewController.swift */ = {isa = PBXFileReference; lastKnownFileType = sourcecode.swift; path = ViewController.swift; sourceTree = "<group>"; };
		2F17BC2D1E61D3EE00A7AB84 /* Base */ = {isa = PBXFileReference; lastKnownFileType = file.storyboard; name = Base; path = Base.lproj/Main.storyboard; sourceTree = "<group>"; };
		2F17BC2F1E61D3EE00A7AB84 /* Assets.xcassets */ = {isa = PBXFileReference; lastKnownFileType = folder.assetcatalog; path = Assets.xcassets; sourceTree = "<group>"; };
		2F17BC321E61D3EE00A7AB84 /* Base */ = {isa = PBXFileReference; lastKnownFileType = file.storyboard; name = Base; path = Base.lproj/LaunchScreen.storyboard; sourceTree = "<group>"; };
		2F17BC341E61D3EE00A7AB84 /* Info.plist */ = {isa = PBXFileReference; lastKnownFileType = text.plist.xml; path = Info.plist; sourceTree = "<group>"; };
		2F17BC391E61D3EE00A7AB84 /* ECSSTests.xctest */ = {isa = PBXFileReference; explicitFileType = wrapper.cfbundle; includeInIndex = 0; path = ECSSTests.xctest; sourceTree = BUILT_PRODUCTS_DIR; };
		2F17BC3D1E61D3EE00A7AB84 /* ECSSTests.swift */ = {isa = PBXFileReference; lastKnownFileType = sourcecode.swift; path = ECSSTests.swift; sourceTree = "<group>"; };
		2F17BC3F1E61D3EE00A7AB84 /* Info.plist */ = {isa = PBXFileReference; lastKnownFileType = text.plist.xml; path = Info.plist; sourceTree = "<group>"; };
		2F17BC441E61D3EF00A7AB84 /* ECSSUITests.xctest */ = {isa = PBXFileReference; explicitFileType = wrapper.cfbundle; includeInIndex = 0; path = ECSSUITests.xctest; sourceTree = BUILT_PRODUCTS_DIR; };
		2F17BC481E61D3EF00A7AB84 /* ECSSUITests.swift */ = {isa = PBXFileReference; lastKnownFileType = sourcecode.swift; path = ECSSUITests.swift; sourceTree = "<group>"; };
		2F17BC4A1E61D3EF00A7AB84 /* Info.plist */ = {isa = PBXFileReference; lastKnownFileType = text.plist.xml; path = Info.plist; sourceTree = "<group>"; };
/* End PBXFileReference section */

/* Begin PBXFrameworksBuildPhase section */
		2F17BC221E61D3ED00A7AB84 /* Frameworks */ = {
			isa = PBXFrameworksBuildPhase;
			buildActionMask = 2147483647;
			files = (
			);
			runOnlyForDeploymentPostprocessing = 0;
		};
		2F17BC361E61D3EE00A7AB84 /* Frameworks */ = {
			isa = PBXFrameworksBuildPhase;
			buildActionMask = 2147483647;
			files = (
			);
			runOnlyForDeploymentPostprocessing = 0;
		};
		2F17BC411E61D3EF00A7AB84 /* Frameworks */ = {
			isa = PBXFrameworksBuildPhase;
			buildActionMask = 2147483647;
			files = (
			);
			runOnlyForDeploymentPostprocessing = 0;
		};
/* End PBXFrameworksBuildPhase section */

/* Begin PBXGroup section */
		2F17BC1C1E61D3ED00A7AB84 = {
			isa = PBXGroup;
			children = (
				2F17BC271E61D3EE00A7AB84 /* ECSS */,
				2F17BC3C1E61D3EE00A7AB84 /* ECSSTests */,
				2F17BC471E61D3EF00A7AB84 /* ECSSUITests */,
				2F17BC261E61D3EE00A7AB84 /* Products */,
			);
			sourceTree = "<group>";
		};
		2F17BC261E61D3EE00A7AB84 /* Products */ = {
			isa = PBXGroup;
			children = (
				2F17BC251E61D3EE00A7AB84 /* ECSS.app */,
				2F17BC391E61D3EE00A7AB84 /* ECSSTests.xctest */,
				2F17BC441E61D3EF00A7AB84 /* ECSSUITests.xctest */,
			);
			name = Products;
			sourceTree = "<group>";
		};
		2F17BC271E61D3EE00A7AB84 /* ECSS */ = {
			isa = PBXGroup;
			children = (
				2F17BC281E61D3EE00A7AB84 /* AppDelegate.swift */,
				2F17BC2A1E61D3EE00A7AB84 /* ViewController.swift */,
				2F17BC2C1E61D3EE00A7AB84 /* Main.storyboard */,
				2F17BC2F1E61D3EE00A7AB84 /* Assets.xcassets */,
				2F17BC311E61D3EE00A7AB84 /* LaunchScreen.storyboard */,
				2F17BC341E61D3EE00A7AB84 /* Info.plist */,
			);
			path = ECSS;
			sourceTree = "<group>";
		};
		2F17BC3C1E61D3EE00A7AB84 /* ECSSTests */ = {
			isa = PBXGroup;
			children = (
				2F17BC3D1E61D3EE00A7AB84 /* ECSSTests.swift */,
				2F17BC3F1E61D3EE00A7AB84 /* Info.plist */,
			);
			path = ECSSTests;
			sourceTree = "<group>";
		};
		2F17BC471E61D3EF00A7AB84 /* ECSSUITests */ = {
			isa = PBXGroup;
			children = (
				2F17BC481E61D3EF00A7AB84 /* ECSSUITests.swift */,
				2F17BC4A1E61D3EF00A7AB84 /* Info.plist */,
			);
			path = ECSSUITests;
			sourceTree = "<group>";
		};
/* End PBXGroup section */

/* Begin PBXNativeTarget section */
		2F17BC241E61D3ED00A7AB84 /* ECSS */ = {
			isa = PBXNativeTarget;
			buildConfigurationList = 2F17BC4D1E61D3EF00A7AB84 /* Build configuration list for PBXNativeTarget "ECSS" */;
			buildPhases = (
				2F17BC211E61D3ED00A7AB84 /* Sources */,
				2F17BC221E61D3ED00A7AB84 /* Frameworks */,
				2F17BC231E61D3ED00A7AB84 /* Resources */,
			);
			buildRules = (
			);
			dependencies = (
			);
			name = ECSS;
			productName = ECSS;
			productReference = 2F17BC251E61D3EE00A7AB84 /* ECSS.app */;
			productType = "com.apple.product-type.application";
		};
		2F17BC381E61D3EE00A7AB84 /* ECSSTests */ = {
			isa = PBXNativeTarget;
			buildConfigurationList = 2F17BC501E61D3EF00A7AB84 /* Build configuration list for PBXNativeTarget "ECSSTests" */;
			buildPhases = (
				2F17BC351E61D3EE00A7AB84 /* Sources */,
				2F17BC361E61D3EE00A7AB84 /* Frameworks */,
				2F17BC371E61D3EE00A7AB84 /* Resources */,
			);
			buildRules = (
			);
			dependencies = (
				2F17BC3B1E61D3EE00A7AB84 /* PBXTargetDependency */,
			);
			name = ECSSTests;
			productName = ECSSTests;
			productReference = 2F17BC391E61D3EE00A7AB84 /* ECSSTests.xctest */;
			productType = "com.apple.product-type.bundle.unit-test";
		};
		2F17BC431E61D3EF00A7AB84 /* ECSSUITests */ = {
			isa = PBXNativeTarget;
			buildConfigurationList = 2F17BC531E61D3EF00A7AB84 /* Build configuration list for PBXNativeTarget "ECSSUITests" */;
			buildPhases = (
				2F17BC401E61D3EF00A7AB84 /* Sources */,
				2F17BC411E61D3EF00A7AB84 /* Frameworks */,
				2F17BC421E61D3EF00A7AB84 /* Resources */,
			);
			buildRules = (
			);
			dependencies = (
				2F17BC461E61D3EF00A7AB84 /* PBXTargetDependency */,
			);
			name = ECSSUITests;
			productName = ECSSUITests;
			productReference = 2F17BC441E61D3EF00A7AB84 /* ECSSUITests.xctest */;
			productType = "com.apple.product-type.bundle.ui-testing";
		};
/* End PBXNativeTarget section */

/* Begin PBXProject section */
		2F17BC1D1E61D3ED00A7AB84 /* Project object */ = {
			isa = PBXProject;
			attributes = {
				LastSwiftUpdateCheck = 0820;
				LastUpgradeCheck = 0820;
				ORGANIZATIONNAME = "棗光幹";
				TargetAttributes = {
					2F17BC241E61D3ED00A7AB84 = {
						CreatedOnToolsVersion = 8.2.1;
						DevelopmentTeam = 62P8RA8WR5;
						ProvisioningStyle = Automatic;
					};
					2F17BC381E61D3EE00A7AB84 = {
						CreatedOnToolsVersion = 8.2.1;
						DevelopmentTeam = 62P8RA8WR5;
						ProvisioningStyle = Automatic;
						TestTargetID = 2F17BC241E61D3ED00A7AB84;
					};
					2F17BC431E61D3EF00A7AB84 = {
						CreatedOnToolsVersion = 8.2.1;
						DevelopmentTeam = 62P8RA8WR5;
						ProvisioningStyle = Automatic;
						TestTargetID = 2F17BC241E61D3ED00A7AB84;
					};
				};
			};
			buildConfigurationList = 2F17BC201E61D3ED00A7AB84 /* Build configuration list for PBXProject "ECSS" */;
			compatibilityVersion = "Xcode 3.2";
			developmentRegion = English;
			hasScannedForEncodings = 0;
			knownRegions = (
				en,
				Base,
			);
			mainGroup = 2F17BC1C1E61D3ED00A7AB84;
			productRefGroup = 2F17BC261E61D3EE00A7AB84 /* Products */;
			projectDirPath = "";
			projectRoot = "";
			targets = (
				2F17BC241E61D3ED00A7AB84 /* ECSS */,
				2F17BC381E61D3EE00A7AB84 /* ECSSTests */,
				2F17BC431E61D3EF00A7AB84 /* ECSSUITests */,
			);
		};
/* End PBXProject section */

/* Begin PBXResourcesBuildPhase section */
		2F17BC231E61D3ED00A7AB84 /* Resources */ = {
			isa = PBXResourcesBuildPhase;
			buildActionMask = 2147483647;
			files = (
				2F17BC331E61D3EE00A7AB84 /* LaunchScreen.storyboard in Resources */,
				2F17BC301E61D3EE00A7AB84 /* Assets.xcassets in Resources */,
				2F17BC2E1E61D3EE00A7AB84 /* Main.storyboard in Resources */,
			);
			runOnlyForDeploymentPostprocessing = 0;
		};
		2F17BC371E61D3EE00A7AB84 /* Resources */ = {
			isa = PBXResourcesBuildPhase;
			buildActionMask = 2147483647;
			files = (
			);
			runOnlyForDeploymentPostprocessing = 0;
		};
		2F17BC421E61D3EF00A7AB84 /* Resources */ = {
			isa = PBXResourcesBuildPhase;
			buildActionMask = 2147483647;
			files = (
			);
			runOnlyForDeploymentPostprocessing = 0;
		};
/* End PBXResourcesBuildPhase section */

/* Begin PBXSourcesBuildPhase section */
		2F17BC211E61D3ED00A7AB84 /* Sources */ = {
			isa = PBXSourcesBuildPhase;
			buildActionMask = 2147483647;
			files = (
				2F17BC2B1E61D3EE00A7AB84 /* ViewController.swift in Sources */,
				2F17BC291E61D3EE00A7AB84 /* AppDelegate.swift in Sources */,
			);
			runOnlyForDeploymentPostprocessing = 0;
		};
		2F17BC351E61D3EE00A7AB84 /* Sources */ = {
			isa = PBXSourcesBuildPhase;
			buildActionMask = 2147483647;
			files = (
				2F17BC3E1E61D3EE00A7AB84 /* ECSSTests.swift in Sources */,
			);
			runOnlyForDeploymentPostprocessing = 0;
		};
		2F17BC401E61D3EF00A7AB84 /* Sources */ = {
			isa = PBXSourcesBuildPhase;
			buildActionMask = 2147483647;
			files = (
				2F17BC491E61D3EF00A7AB84 /* ECSSUITests.swift in Sources */,
			);
			runOnlyForDeploymentPostprocessing = 0;
		};
/* End PBXSourcesBuildPhase section */

/* Begin PBXTargetDependency section */
		2F17BC3B1E61D3EE00A7AB84 /* PBXTargetDependency */ = {
			isa = PBXTargetDependency;
			target = 2F17BC241E61D3ED00A7AB84 /* ECSS */;
			targetProxy = 2F17BC3A1E61D3EE00A7AB84 /* PBXContainerItemProxy */;
		};
		2F17BC461E61D3EF00A7AB84 /* PBXTargetDependency */ = {
			isa = PBXTargetDependency;
			target = 2F17BC241E61D3ED00A7AB84 /* ECSS */;
			targetProxy = 2F17BC451E61D3EF00A7AB84 /* PBXContainerItemProxy */;
		};
/* End PBXTargetDependency section */

/* Begin PBXVariantGroup section */
		2F17BC2C1E61D3EE00A7AB84 /* Main.storyboard */ = {
			isa = PBXVariantGroup;
			children = (
				2F17BC2D1E61D3EE00A7AB84 /* Base */,
			);
			name = Main.storyboard;
			sourceTree = "<group>";
		};
		2F17BC311E61D3EE00A7AB84 /* LaunchScreen.storyboard */ = {
			isa = PBXVariantGroup;
			children = (
				2F17BC321E61D3EE00A7AB84 /* Base */,
			);
			name = LaunchScreen.storyboard;
			sourceTree = "<group>";
		};
/* End PBXVariantGroup section */

/* Begin XCBuildConfiguration section */
		2F17BC4B1E61D3EF00A7AB84 /* Debug */ = {
			isa = XCBuildConfiguration;
			buildSettings = {
				ALWAYS_SEARCH_USER_PATHS = NO;
				CLANG_ANALYZER_NONNULL = YES;
				CLANG_CXX_LANGUAGE_STANDARD = "gnu++0x";
				CLANG_CXX_LIBRARY = "libc++";
				CLANG_ENABLE_MODULES = YES;
				CLANG_ENABLE_OBJC_ARC = YES;
				CLANG_WARN_BOOL_CONVERSION = YES;
				CLANG_WARN_CONSTANT_CONVERSION = YES;
				CLANG_WARN_DIRECT_OBJC_ISA_USAGE = YES_ERROR;
				CLANG_WARN_DOCUMENTATION_COMMENTS = YES;
				CLANG_WARN_EMPTY_BODY = YES;
				CLANG_WARN_ENUM_CONVERSION = YES;
				CLANG_WARN_INFINITE_RECURSION = YES;
				CLANG_WARN_INT_CONVERSION = YES;
				CLANG_WARN_OBJC_ROOT_CLASS = YES_ERROR;
				CLANG_WARN_SUSPICIOUS_MOVE = YES;
				CLANG_WARN_UNREACHABLE_CODE = YES;
				CLANG_WARN__DUPLICATE_METHOD_MATCH = YES;
				"CODE_SIGN_IDENTITY[sdk=iphoneos*]" = "iPhone Developer";
				COPY_PHASE_STRIP = NO;
				DEBUG_INFORMATION_FORMAT = dwarf;
				ENABLE_STRICT_OBJC_MSGSEND = YES;
				ENABLE_TESTABILITY = YES;
				GCC_C_LANGUAGE_STANDARD = gnu99;
				GCC_DYNAMIC_NO_PIC = NO;
				GCC_NO_COMMON_BLOCKS = YES;
				GCC_OPTIMIZATION_LEVEL = 0;
				GCC_PREPROCESSOR_DEFINITIONS = (
					"DEBUG=1",
					"$(inherited)",
				);
				GCC_WARN_64_TO_32_BIT_CONVERSION = YES;
				GCC_WARN_ABOUT_RETURN_TYPE = YES_ERROR;
				GCC_WARN_UNDECLARED_SELECTOR = YES;
				GCC_WARN_UNINITIALIZED_AUTOS = YES_AGGRESSIVE;
				GCC_WARN_UNUSED_FUNCTION = YES;
				GCC_WARN_UNUSED_VARIABLE = YES;
				IPHONEOS_DEPLOYMENT_TARGET = 10.2;
				MTL_ENABLE_DEBUG_INFO = YES;
				ONLY_ACTIVE_ARCH = YES;
				SDKROOT = iphoneos;
				SWIFT_ACTIVE_COMPILATION_CONDITIONS = DEBUG;
				SWIFT_OPTIMIZATION_LEVEL = "-Onone";
			};
			name = Debug;
		};
		2F17BC4C1E61D3EF00A7AB84 /* Release */ = {
			isa = XCBuildConfiguration;
			buildSettings = {
				ALWAYS_SEARCH_USER_PATHS = NO;
				CLANG_ANALYZER_NONNULL = YES;
				CLANG_CXX_LANGUAGE_STANDARD = "gnu++0x";
				CLANG_CXX_LIBRARY = "libc++";
				CLANG_ENABLE_MODULES = YES;
				CLANG_ENABLE_OBJC_ARC = YES;
				CLANG_WARN_BOOL_CONVERSION = YES;
				CLANG_WARN_CONSTANT_CONVERSION = YES;
				CLANG_WARN_DIRECT_OBJC_ISA_USAGE = YES_ERROR;
				CLANG_WARN_DOCUMENTATION_COMMENTS = YES;
				CLANG_WARN_EMPTY_BODY = YES;
				CLANG_WARN_ENUM_CONVERSION = YES;
				CLANG_WARN_INFINITE_RECURSION = YES;
				CLANG_WARN_INT_CONVERSION = YES;
				CLANG_WARN_OBJC_ROOT_CLASS = YES_ERROR;
				CLANG_WARN_SUSPICIOUS_MOVE = YES;
				CLANG_WARN_UNREACHABLE_CODE = YES;
				CLANG_WARN__DUPLICATE_METHOD_MATCH = YES;
				"CODE_SIGN_IDENTITY[sdk=iphoneos*]" = "iPhone Developer";
				COPY_PHASE_STRIP = NO;
				DEBUG_INFORMATION_FORMAT = "dwarf-with-dsym";
				ENABLE_NS_ASSERTIONS = NO;
				ENABLE_STRICT_OBJC_MSGSEND = YES;
				GCC_C_LANGUAGE_STANDARD = gnu99;
				GCC_NO_COMMON_BLOCKS = YES;
				GCC_WARN_64_TO_32_BIT_CONVERSION = YES;
				GCC_WARN_ABOUT_RETURN_TYPE = YES_ERROR;
				GCC_WARN_UNDECLARED_SELECTOR = YES;
				GCC_WARN_UNINITIALIZED_AUTOS = YES_AGGRESSIVE;
				GCC_WARN_UNUSED_FUNCTION = YES;
				GCC_WARN_UNUSED_VARIABLE = YES;
				IPHONEOS_DEPLOYMENT_TARGET = 10.2;
				MTL_ENABLE_DEBUG_INFO = NO;
				SDKROOT = iphoneos;
				SWIFT_OPTIMIZATION_LEVEL = "-Owholemodule";
				VALIDATE_PRODUCT = YES;
			};
			name = Release;
		};
		2F17BC4E1E61D3EF00A7AB84 /* Debug */ = {
			isa = XCBuildConfiguration;
			buildSettings = {
				ASSETCATALOG_COMPILER_APPICON_NAME = AppIcon;
				DEVELOPMENT_TEAM = 62P8RA8WR5;
				INFOPLIST_FILE = ECSS/Info.plist;
				LD_RUNPATH_SEARCH_PATHS = "$(inherited) @executable_path/Frameworks";
				PRODUCT_BUNDLE_IDENTIFIER = com.ECSS.ECSS;
				PRODUCT_NAME = "$(TARGET_NAME)";
				SWIFT_VERSION = 3.0;
			};
			name = Debug;
		};
		2F17BC4F1E61D3EF00A7AB84 /* Release */ = {
			isa = XCBuildConfiguration;
			buildSettings = {
				ASSETCATALOG_COMPILER_APPICON_NAME = AppIcon;
				DEVELOPMENT_TEAM = 62P8RA8WR5;
				INFOPLIST_FILE = ECSS/Info.plist;
				LD_RUNPATH_SEARCH_PATHS = "$(inherited) @executable_path/Frameworks";
				PRODUCT_BUNDLE_IDENTIFIER = com.ECSS.ECSS;
				PRODUCT_NAME = "$(TARGET_NAME)";
				SWIFT_VERSION = 3.0;
			};
			name = Release;
		};
		2F17BC511E61D3EF00A7AB84 /* Debug */ = {
			isa = XCBuildConfiguration;
			buildSettings = {
				ALWAYS_EMBED_SWIFT_STANDARD_LIBRARIES = YES;
				BUNDLE_LOADER = "$(TEST_HOST)";
				DEVELOPMENT_TEAM = 62P8RA8WR5;
				INFOPLIST_FILE = ECSSTests/Info.plist;
				LD_RUNPATH_SEARCH_PATHS = "$(inherited) @executable_path/Frameworks @loader_path/Frameworks";
				PRODUCT_BUNDLE_IDENTIFIER = com.ECSS.ECSSTests;
				PRODUCT_NAME = "$(TARGET_NAME)";
				SWIFT_VERSION = 3.0;
				TEST_HOST = "$(BUILT_PRODUCTS_DIR)/ECSS.app/ECSS";
			};
			name = Debug;
		};
		2F17BC521E61D3EF00A7AB84 /* Release */ = {
			isa = XCBuildConfiguration;
			buildSettings = {
				ALWAYS_EMBED_SWIFT_STANDARD_LIBRARIES = YES;
				BUNDLE_LOADER = "$(TEST_HOST)";
				DEVELOPMENT_TEAM = 62P8RA8WR5;
				INFOPLIST_FILE = ECSSTests/Info.plist;
				LD_RUNPATH_SEARCH_PATHS = "$(inherited) @executable_path/Frameworks @loader_path/Frameworks";
				PRODUCT_BUNDLE_IDENTIFIER = com.ECSS.ECSSTests;
				PRODUCT_NAME = "$(TARGET_NAME)";
				SWIFT_VERSION = 3.0;
				TEST_HOST = "$(BUILT_PRODUCTS_DIR)/ECSS.app/ECSS";
			};
			name = Release;
		};
		2F17BC541E61D3EF00A7AB84 /* Debug */ = {
			isa = XCBuildConfiguration;
			buildSettings = {
				ALWAYS_EMBED_SWIFT_STANDARD_LIBRARIES = YES;
				DEVELOPMENT_TEAM = 62P8RA8WR5;
				INFOPLIST_FILE = ECSSUITests/Info.plist;
				LD_RUNPATH_SEARCH_PATHS = "$(inherited) @executable_path/Frameworks @loader_path/Frameworks";
				PRODUCT_BUNDLE_IDENTIFIER = com.ECSS.ECSSUITests;
				PRODUCT_NAME = "$(TARGET_NAME)";
				SWIFT_VERSION = 3.0;
				TEST_TARGET_NAME = ECSS;
			};
			name = Debug;
		};
		2F17BC551E61D3EF00A7AB84 /* Release */ = {
			isa = XCBuildConfiguration;
			buildSettings = {
				ALWAYS_EMBED_SWIFT_STANDARD_LIBRARIES = YES;
				DEVELOPMENT_TEAM = 62P8RA8WR5;
				INFOPLIST_FILE = ECSSUITests/Info.plist;
				LD_RUNPATH_SEARCH_PATHS = "$(inherited) @executable_path/Frameworks @loader_path/Frameworks";
				PRODUCT_BUNDLE_IDENTIFIER = com.ECSS.ECSSUITests;
				PRODUCT_NAME = "$(TARGET_NAME)";
				SWIFT_VERSION = 3.0;
				TEST_TARGET_NAME = ECSS;
			};
			name = Release;
		};
/* End XCBuildConfiguration section */

/* Begin XCConfigurationList section */
		2F17BC201E61D3ED00A7AB84 /* Build configuration list for PBXProject "ECSS" */ = {
			isa = XCConfigurationList;
			buildConfigurations = (
				2F17BC4B1E61D3EF00A7AB84 /* Debug */,
				2F17BC4C1E61D3EF00A7AB84 /* Release */,
			);
			defaultConfigurationIsVisible = 0;
			defaultConfigurationName = Release;
		};
		2F17BC4D1E61D3EF00A7AB84 /* Build configuration list for PBXNativeTarget "ECSS" */ = {
			isa = XCConfigurationList;
			buildConfigurations = (
				2F17BC4E1E61D3EF00A7AB84 /* Debug */,
				2F17BC4F1E61D3EF00A7AB84 /* Release */,
			);
			defaultConfigurationIsVisible = 0;
		};
		2F17BC501E61D3EF00A7AB84 /* Build configuration list for PBXNativeTarget "ECSSTests" */ = {
			isa = XCConfigurationList;
			buildConfigurations = (
				2F17BC511E61D3EF00A7AB84 /* Debug */,
				2F17BC521E61D3EF00A7AB84 /* Release */,
			);
			defaultConfigurationIsVisible = 0;
		};
		2F17BC531E61D3EF00A7AB84 /* Build configuration list for PBXNativeTarget "ECSSUITests" */ = {
			isa = XCConfigurationList;
			buildConfigurations = (
				2F17BC541E61D3EF00A7AB84 /* Debug */,
				2F17BC551E61D3EF00A7AB84 /* Release */,
			);
			defaultConfigurationIsVisible = 0;
		};
/* End XCConfigurationList section */
	};
	rootObject = 2F17BC1D1E61D3ED00A7AB84 /* Project object */;
}
